
Microsoft Visual Studio Solution File, Format Version 12.00
# Visual Studio 15
VisualStudioVersion = 15.0.28010.2050
MinimumVisualStudioVersion = 10.0.40219.1
Project("{FAE04EC0-301F-11D3-BF4B-00C04F79EFBC}") = "V1_KITBOX", "V1_KITBOX\V1_KITBOX.csproj", "{505658A1-F221-4C8E-9842-42E77B8441C7}"
EndProject
Global
	GlobalSection(SolutionConfigurationPlatforms) = preSolution
		Debug|Any CPU = Debug|Any CPU
		Release|Any CPU = Release|Any CPU
	EndGlobalSection
	GlobalSection(ProjectConfigurationPlatforms) = postSolution
		{505658A1-F221-4C8E-9842-42E77B8441C7}.Debug|Any CPU.ActiveCfg = Debug|Any CPU
		{505658A1-F221-4C8E-9842-42E77B8441C7}.Debug|Any CPU.Build.0 = Debug|Any CPU
		{505658A1-F221-4C8E-9842-42E77B8441C7}.Release|Any CPU.ActiveCfg = Release|Any CPU
		{505658A1-F221-4C8E-9842-42E77B8441C7}.Release|Any CPU.Build.0 = Release|Any CPU
	EndGlobalSection
	GlobalSection(SolutionProperties) = preSolution
		HideSolutionNode = FALSE
	EndGlobalSection
	GlobalSection(ExtensibilityGlobals) = postSolution
		SolutionGuid = {C571463E-CA71-404B-840A-6BD8E1A92EEB}
	EndGlobalSection
EndGlobal
